
Microsoft Visual Studio Solution File, Format Version 12.00
# Visual Studio Version 17
VisualStudioVersion = 17.14.36203.30 d17.14
MinimumVisualStudioVersion = 10.0.40219.1
Project("{FAE04EC0-301F-11D3-BF4B-00C04F79EFBC}") = "Calcuator", "Calcuator.csproj", "{D046FF95-B288-4245-922A-8D2368422F16}"
EndProject
Global
	GlobalSection(SolutionConfigurationPlatforms) = preSolution
		Debug|Any CPU = Debug|Any CPU
		Release|Any CPU = Release|Any CPU
	EndGlobalSection
	GlobalSection(ProjectConfigurationPlatforms) = postSolution
		{D046FF95-B288-4245-922A-8D2368422F16}.Debug|Any CPU.ActiveCfg = Debug|Any CPU
		{D046FF95-B288-4245-922A-8D2368422F16}.Debug|Any CPU.Build.0 = Debug|Any CPU
		{D046FF95-B288-4245-922A-8D2368422F16}.Release|Any CPU.ActiveCfg = Release|Any CPU
		{D046FF95-B288-4245-922A-8D2368422F16}.Release|Any CPU.Build.0 = Release|Any CPU
	EndGlobalSection
	GlobalSection(SolutionProperties) = preSolution
		HideSolutionNode = FALSE
	EndGlobalSection
	GlobalSection(ExtensibilityGlobals) = postSolution
		SolutionGuid = {057456C2-D10F-4293-9476-B595E6A4E0D0}
	EndGlobalSection
EndGlobal
